// !$*UTF8*$!
{
	archiveVersion = 1;
	classes = {
	};
	objectVersion = 50;
	objects = {

/* Begin PBXBuildFile section */
		5691E3105F7D342F09DE2C1A /* Pods_LeanTrackTests.framework in Frameworks */ = {isa = PBXBuildFile; fileRef = 449EFD758D2E79F34E8608F2 /* Pods_LeanTrackTests.framework */; };
		A016A0E22244D11D000CA546 /* ExerciseSettingsProtocol.swift in Sources */ = {isa = PBXBuildFile; fileRef = A016A0E12244D11D000CA546 /* ExerciseSettingsProtocol.swift */; };
		A016A0E42244D1F6000CA546 /* LeanTrackErrors.swift in Sources */ = {isa = PBXBuildFile; fileRef = A016A0E32244D1F6000CA546 /* LeanTrackErrors.swift */; };
		A016A0E72245052B000CA546 /* ExerciseSetCollectionViewCell.swift in Sources */ = {isa = PBXBuildFile; fileRef = A016A0E62245052B000CA546 /* ExerciseSetCollectionViewCell.swift */; };
		A016A0E922450624000CA546 /* HomeDatasource.swift in Sources */ = {isa = PBXBuildFile; fileRef = A016A0E822450624000CA546 /* HomeDatasource.swift */; };
		A016A0EC22451199000CA546 /* HomeDatasourceProtocol.swift in Sources */ = {isa = PBXBuildFile; fileRef = A016A0EB22451199000CA546 /* HomeDatasourceProtocol.swift */; };
		A06BA9242243D4AE0088929F /* HomeExerciseCollectionViewCell.swift in Sources */ = {isa = PBXBuildFile; fileRef = A06BA9232243D4AE0088929F /* HomeExerciseCollectionViewCell.swift */; };
		A06BA9262243DB230088929F /* Exercise.swift in Sources */ = {isa = PBXBuildFile; fileRef = A06BA9252243DB230088929F /* Exercise.swift */; };
		A06BA9282243DE360088929F /* UIView+UICollectionViewLayout.swift in Sources */ = {isa = PBXBuildFile; fileRef = A06BA9272243DE360088929F /* UIView+UICollectionViewLayout.swift */; };
		A06BA92A2243F8D10088929F /* UIViewController+ChildViewController.swift in Sources */ = {isa = PBXBuildFile; fileRef = A06BA9292243F8D10088929F /* UIViewController+ChildViewController.swift */; };
		A0983CE1223C0F56005BEA8E /* AppDelegate.swift in Sources */ = {isa = PBXBuildFile; fileRef = A0983CE0223C0F56005BEA8E /* AppDelegate.swift */; };
		A0983CE9223C0F56005BEA8E /* LeanTrack.xcdatamodeld in Sources */ = {isa = PBXBuildFile; fileRef = A0983CE7223C0F56005BEA8E /* LeanTrack.xcdatamodeld */; };
		A0983CEB223C0F57005BEA8E /* Assets.xcassets in Resources */ = {isa = PBXBuildFile; fileRef = A0983CEA223C0F57005BEA8E /* Assets.xcassets */; };
		A0983CEE223C0F57005BEA8E /* LaunchScreen.storyboard in Resources */ = {isa = PBXBuildFile; fileRef = A0983CEC223C0F57005BEA8E /* LaunchScreen.storyboard */; };
		A0983CF9223C0F57005BEA8E /* LeanTrackTests.swift in Sources */ = {isa = PBXBuildFile; fileRef = A0983CF8223C0F57005BEA8E /* LeanTrackTests.swift */; };
		A0983D04223C0F57005BEA8E /* LeanTrackUITests.swift in Sources */ = {isa = PBXBuildFile; fileRef = A0983D03223C0F57005BEA8E /* LeanTrackUITests.swift */; };
		A0983D16223C10F4005BEA8E /* UIView+NSConstraints.swift in Sources */ = {isa = PBXBuildFile; fileRef = A0983D15223C10F4005BEA8E /* UIView+NSConstraints.swift */; };
		A0983D19223D6BA7005BEA8E /* HomeViewController.swift in Sources */ = {isa = PBXBuildFile; fileRef = A0983D18223D6BA7005BEA8E /* HomeViewController.swift */; };
		A0983D1B223D6D49005BEA8E /* HomeView.swift in Sources */ = {isa = PBXBuildFile; fileRef = A0983D1A223D6D49005BEA8E /* HomeView.swift */; };
		A0983D22223D6DD8005BEA8E /* Conduit_ITC.ttf in Resources */ = {isa = PBXBuildFile; fileRef = A0983D1E223D6DD8005BEA8E /* Conduit_ITC.ttf */; };
		A0983D23223D6DD8005BEA8E /* Conduit_ITC_Light.ttf in Resources */ = {isa = PBXBuildFile; fileRef = A0983D1F223D6DD8005BEA8E /* Conduit_ITC_Light.ttf */; };
		A0983D24223D6DD8005BEA8E /* Conduit_ITC_Bold.ttf in Resources */ = {isa = PBXBuildFile; fileRef = A0983D20223D6DD8005BEA8E /* Conduit_ITC_Bold.ttf */; };
		A0983D25223D6DD8005BEA8E /* Conduit_ITC_Medium.ttf in Resources */ = {isa = PBXBuildFile; fileRef = A0983D21223D6DD8005BEA8E /* Conduit_ITC_Medium.ttf */; };
		A0983D27223D6DE6005BEA8E /* UIFont+CustomFontTypes.swift in Sources */ = {isa = PBXBuildFile; fileRef = A0983D26223D6DE6005BEA8E /* UIFont+CustomFontTypes.swift */; };
		A0983D29223D6F2C005BEA8E /* UIColor+Colors.swift in Sources */ = {isa = PBXBuildFile; fileRef = A0983D28223D6F2C005BEA8E /* UIColor+Colors.swift */; };
		A0983D2C223D6F4F005BEA8E /* BaseViewController.swift in Sources */ = {isa = PBXBuildFile; fileRef = A0983D2B223D6F4F005BEA8E /* BaseViewController.swift */; };
		A0983D2E223D6FC5005BEA8E /* HomeSegmentView.swift in Sources */ = {isa = PBXBuildFile; fileRef = A0983D2D223D6FC5005BEA8E /* HomeSegmentView.swift */; };
		A0983D31223D70B2005BEA8E /* HomeSegmentCollectionViewCell.swift in Sources */ = {isa = PBXBuildFile; fileRef = A0983D30223D70B2005BEA8E /* HomeSegmentCollectionViewCell.swift */; };
		A0983D35223E728C005BEA8E /* SearchExerciseViewController.swift in Sources */ = {isa = PBXBuildFile; fileRef = A0983D34223E728C005BEA8E /* SearchExerciseViewController.swift */; };
		A0983D37223E72FC005BEA8E /* SearchExerciseView.swift in Sources */ = {isa = PBXBuildFile; fileRef = A0983D36223E72FC005BEA8E /* SearchExerciseView.swift */; };
		A0983D3A223E73E5005BEA8E /* SearchExerciseCollectionViewCell.swift in Sources */ = {isa = PBXBuildFile; fileRef = A0983D39223E73E5005BEA8E /* SearchExerciseCollectionViewCell.swift */; };
		A0983D3C223EBBB7005BEA8E /* SearchResultProtocol.swift in Sources */ = {isa = PBXBuildFile; fileRef = A0983D3B223EBBB7005BEA8E /* SearchResultProtocol.swift */; };
		A0983D3F223EC1F4005BEA8E /* ExerciseSettingsViewController.swift in Sources */ = {isa = PBXBuildFile; fileRef = A0983D3E223EC1F4005BEA8E /* ExerciseSettingsViewController.swift */; };
		A0983D41223EC21B005BEA8E /* ExerciseSettingsView.swift in Sources */ = {isa = PBXBuildFile; fileRef = A0983D40223EC21B005BEA8E /* ExerciseSettingsView.swift */; };
		BC4861F7BD9DE016447475B2 /* Pods_LeanTrack.framework in Frameworks */ = {isa = PBXBuildFile; fileRef = 2CD66A6788522CE3E9567F26 /* Pods_LeanTrack.framework */; };
		FFF0B5E9A551183C84FA05DE /* Pods_LeanTrackUITests.framework in Frameworks */ = {isa = PBXBuildFile; fileRef = 1A100B6D4AE79EDEEC2F9E81 /* Pods_LeanTrackUITests.framework */; };
/* End PBXBuildFile section */

/* Begin PBXContainerItemProxy section */
		A0983CF5223C0F57005BEA8E /* PBXContainerItemProxy */ = {
			isa = PBXContainerItemProxy;
			containerPortal = A0983CD5223C0F56005BEA8E /* Project object */;
			proxyType = 1;
			remoteGlobalIDString = A0983CDC223C0F56005BEA8E;
			remoteInfo = LeanTrack;
		};
		A0983D00223C0F57005BEA8E /* PBXContainerItemProxy */ = {
			isa = PBXContainerItemProxy;
			containerPortal = A0983CD5223C0F56005BEA8E /* Project object */;
			proxyType = 1;
			remoteGlobalIDString = A0983CDC223C0F56005BEA8E;
			remoteInfo = LeanTrack;
		};
/* End PBXContainerItemProxy section */

/* Begin PBXFileReference section */
		1A100B6D4AE79EDEEC2F9E81 /* Pods_LeanTrackUITests.framework */ = {isa = PBXFileReference; explicitFileType = wrapper.framework; includeInIndex = 0; path = Pods_LeanTrackUITests.framework; sourceTree = BUILT_PRODUCTS_DIR; };
		2CD66A6788522CE3E9567F26 /* Pods_LeanTrack.framework */ = {isa = PBXFileReference; explicitFileType = wrapper.framework; includeInIndex = 0; path = Pods_LeanTrack.framework; sourceTree = BUILT_PRODUCTS_DIR; };
		449EFD758D2E79F34E8608F2 /* Pods_LeanTrackTests.framework */ = {isa = PBXFileReference; explicitFileType = wrapper.framework; includeInIndex = 0; path = Pods_LeanTrackTests.framework; sourceTree = BUILT_PRODUCTS_DIR; };
		5692615D72930A2D8EA87CCB /* Pods-LeanTrackUITests.debug.xcconfig */ = {isa = PBXFileReference; includeInIndex = 1; lastKnownFileType = text.xcconfig; name = "Pods-LeanTrackUITests.debug.xcconfig"; path = "Pods/Target Support Files/Pods-LeanTrackUITests/Pods-LeanTrackUITests.debug.xcconfig"; sourceTree = "<group>"; };
		96FEB475A3AB87762E88824E /* Pods-LeanTrackUITests.release.xcconfig */ = {isa = PBXFileReference; includeInIndex = 1; lastKnownFileType = text.xcconfig; name = "Pods-LeanTrackUITests.release.xcconfig"; path = "Pods/Target Support Files/Pods-LeanTrackUITests/Pods-LeanTrackUITests.release.xcconfig"; sourceTree = "<group>"; };
		A016A0E12244D11D000CA546 /* ExerciseSettingsProtocol.swift */ = {isa = PBXFileReference; lastKnownFileType = sourcecode.swift; path = ExerciseSettingsProtocol.swift; sourceTree = "<group>"; };
		A016A0E32244D1F6000CA546 /* LeanTrackErrors.swift */ = {isa = PBXFileReference; lastKnownFileType = sourcecode.swift; path = LeanTrackErrors.swift; sourceTree = "<group>"; };
		A016A0E62245052B000CA546 /* ExerciseSetCollectionViewCell.swift */ = {isa = PBXFileReference; lastKnownFileType = sourcecode.swift; path = ExerciseSetCollectionViewCell.swift; sourceTree = "<group>"; };
		A016A0E822450624000CA546 /* HomeDatasource.swift */ = {isa = PBXFileReference; lastKnownFileType = sourcecode.swift; path = HomeDatasource.swift; sourceTree = "<group>"; };
		A016A0EB22451199000CA546 /* HomeDatasourceProtocol.swift */ = {isa = PBXFileReference; lastKnownFileType = sourcecode.swift; path = HomeDatasourceProtocol.swift; sourceTree = "<group>"; };
		A06BA9232243D4AE0088929F /* HomeExerciseCollectionViewCell.swift */ = {isa = PBXFileReference; lastKnownFileType = sourcecode.swift; path = HomeExerciseCollectionViewCell.swift; sourceTree = "<group>"; };
		A06BA9252243DB230088929F /* Exercise.swift */ = {isa = PBXFileReference; lastKnownFileType = sourcecode.swift; path = Exercise.swift; sourceTree = "<group>"; };
		A06BA9272243DE360088929F /* UIView+UICollectionViewLayout.swift */ = {isa = PBXFileReference; lastKnownFileType = sourcecode.swift; path = "UIView+UICollectionViewLayout.swift"; sourceTree = "<group>"; };
		A06BA9292243F8D10088929F /* UIViewController+ChildViewController.swift */ = {isa = PBXFileReference; lastKnownFileType = sourcecode.swift; path = "UIViewController+ChildViewController.swift"; sourceTree = "<group>"; };
		A0983CDD223C0F56005BEA8E /* LeanTrack.app */ = {isa = PBXFileReference; explicitFileType = wrapper.application; includeInIndex = 0; path = LeanTrack.app; sourceTree = BUILT_PRODUCTS_DIR; };
		A0983CE0223C0F56005BEA8E /* AppDelegate.swift */ = {isa = PBXFileReference; lastKnownFileType = sourcecode.swift; path = AppDelegate.swift; sourceTree = "<group>"; };
		A0983CE8223C0F56005BEA8E /* LeanTrack.xcdatamodel */ = {isa = PBXFileReference; lastKnownFileType = wrapper.xcdatamodel; path = LeanTrack.xcdatamodel; sourceTree = "<group>"; };
		A0983CEA223C0F57005BEA8E /* Assets.xcassets */ = {isa = PBXFileReference; lastKnownFileType = folder.assetcatalog; path = Assets.xcassets; sourceTree = "<group>"; };
		A0983CED223C0F57005BEA8E /* Base */ = {isa = PBXFileReference; lastKnownFileType = file.storyboard; name = Base; path = Base.lproj/LaunchScreen.storyboard; sourceTree = "<group>"; };
		A0983CEF223C0F57005BEA8E /* Info.plist */ = {isa = PBXFileReference; lastKnownFileType = text.plist.xml; path = Info.plist; sourceTree = "<group>"; };
		A0983CF4223C0F57005BEA8E /* LeanTrackTests.xctest */ = {isa = PBXFileReference; explicitFileType = wrapper.cfbundle; includeInIndex = 0; path = LeanTrackTests.xctest; sourceTree = BUILT_PRODUCTS_DIR; };
		A0983CF8223C0F57005BEA8E /* LeanTrackTests.swift */ = {isa = PBXFileReference; lastKnownFileType = sourcecode.swift; path = LeanTrackTests.swift; sourceTree = "<group>"; };
		A0983CFA223C0F57005BEA8E /* Info.plist */ = {isa = PBXFileReference; lastKnownFileType = text.plist.xml; path = Info.plist; sourceTree = "<group>"; };
		A0983CFF223C0F57005BEA8E /* LeanTrackUITests.xctest */ = {isa = PBXFileReference; explicitFileType = wrapper.cfbundle; includeInIndex = 0; path = LeanTrackUITests.xctest; sourceTree = BUILT_PRODUCTS_DIR; };
		A0983D03223C0F57005BEA8E /* LeanTrackUITests.swift */ = {isa = PBXFileReference; lastKnownFileType = sourcecode.swift; path = LeanTrackUITests.swift; sourceTree = "<group>"; };
		A0983D05223C0F57005BEA8E /* Info.plist */ = {isa = PBXFileReference; lastKnownFileType = text.plist.xml; path = Info.plist; sourceTree = "<group>"; };
		A0983D15223C10F4005BEA8E /* UIView+NSConstraints.swift */ = {isa = PBXFileReference; lastKnownFileType = sourcecode.swift; path = "UIView+NSConstraints.swift"; sourceTree = "<group>"; };
		A0983D18223D6BA7005BEA8E /* HomeViewController.swift */ = {isa = PBXFileReference; lastKnownFileType = sourcecode.swift; path = HomeViewController.swift; sourceTree = "<group>"; };
		A0983D1A223D6D49005BEA8E /* HomeView.swift */ = {isa = PBXFileReference; lastKnownFileType = sourcecode.swift; path = HomeView.swift; sourceTree = "<group>"; };
		A0983D1E223D6DD8005BEA8E /* Conduit_ITC.ttf */ = {isa = PBXFileReference; lastKnownFileType = file; path = Conduit_ITC.ttf; sourceTree = "<group>"; };
		A0983D1F223D6DD8005BEA8E /* Conduit_ITC_Light.ttf */ = {isa = PBXFileReference; lastKnownFileType = file; path = Conduit_ITC_Light.ttf; sourceTree = "<group>"; };
		A0983D20223D6DD8005BEA8E /* Conduit_ITC_Bold.ttf */ = {isa = PBXFileReference; lastKnownFileType = file; path = Conduit_ITC_Bold.ttf; sourceTree = "<group>"; };
		A0983D21223D6DD8005BEA8E /* Conduit_ITC_Medium.ttf */ = {isa = PBXFileReference; lastKnownFileType = file; path = Conduit_ITC_Medium.ttf; sourceTree = "<group>"; };
		A0983D26223D6DE6005BEA8E /* UIFont+CustomFontTypes.swift */ = {isa = PBXFileReference; lastKnownFileType = sourcecode.swift; path = "UIFont+CustomFontTypes.swift"; sourceTree = "<group>"; };
		A0983D28223D6F2C005BEA8E /* UIColor+Colors.swift */ = {isa = PBXFileReference; lastKnownFileType = sourcecode.swift; path = "UIColor+Colors.swift"; sourceTree = "<group>"; };
		A0983D2B223D6F4F005BEA8E /* BaseViewController.swift */ = {isa = PBXFileReference; lastKnownFileType = sourcecode.swift; path = BaseViewController.swift; sourceTree = "<group>"; };
		A0983D2D223D6FC5005BEA8E /* HomeSegmentView.swift */ = {isa = PBXFileReference; lastKnownFileType = sourcecode.swift; path = HomeSegmentView.swift; sourceTree = "<group>"; };
		A0983D30223D70B2005BEA8E /* HomeSegmentCollectionViewCell.swift */ = {isa = PBXFileReference; lastKnownFileType = sourcecode.swift; path = HomeSegmentCollectionViewCell.swift; sourceTree = "<group>"; };
		A0983D34223E728C005BEA8E /* SearchExerciseViewController.swift */ = {isa = PBXFileReference; lastKnownFileType = sourcecode.swift; path = SearchExerciseViewController.swift; sourceTree = "<group>"; };
		A0983D36223E72FC005BEA8E /* SearchExerciseView.swift */ = {isa = PBXFileReference; lastKnownFileType = sourcecode.swift; path = SearchExerciseView.swift; sourceTree = "<group>"; };
		A0983D39223E73E5005BEA8E /* SearchExerciseCollectionViewCell.swift */ = {isa = PBXFileReference; lastKnownFileType = sourcecode.swift; path = SearchExerciseCollectionViewCell.swift; sourceTree = "<group>"; };
		A0983D3B223EBBB7005BEA8E /* SearchResultProtocol.swift */ = {isa = PBXFileReference; lastKnownFileType = sourcecode.swift; path = SearchResultProtocol.swift; sourceTree = "<group>"; };
		A0983D3E223EC1F4005BEA8E /* ExerciseSettingsViewController.swift */ = {isa = PBXFileReference; lastKnownFileType = sourcecode.swift; path = ExerciseSettingsViewController.swift; sourceTree = "<group>"; };
		A0983D40223EC21B005BEA8E /* ExerciseSettingsView.swift */ = {isa = PBXFileReference; lastKnownFileType = sourcecode.swift; path = ExerciseSettingsView.swift; sourceTree = "<group>"; };
		A653212EBC00494990434004 /* Pods-LeanTrackTests.debug.xcconfig */ = {isa = PBXFileReference; includeInIndex = 1; lastKnownFileType = text.xcconfig; name = "Pods-LeanTrackTests.debug.xcconfig"; path = "Pods/Target Support Files/Pods-LeanTrackTests/Pods-LeanTrackTests.debug.xcconfig"; sourceTree = "<group>"; };
		AD92783674C7F6F0CD71300F /* Pods-LeanTrackTests.release.xcconfig */ = {isa = PBXFileReference; includeInIndex = 1; lastKnownFileType = text.xcconfig; name = "Pods-LeanTrackTests.release.xcconfig"; path = "Pods/Target Support Files/Pods-LeanTrackTests/Pods-LeanTrackTests.release.xcconfig"; sourceTree = "<group>"; };
		D590F0F984177A4EE8D75F8E /* Pods-LeanTrack.release.xcconfig */ = {isa = PBXFileReference; includeInIndex = 1; lastKnownFileType = text.xcconfig; name = "Pods-LeanTrack.release.xcconfig"; path = "Pods/Target Support Files/Pods-LeanTrack/Pods-LeanTrack.release.xcconfig"; sourceTree = "<group>"; };
		DDD59C044A08B73F86FFFCC4 /* Pods-LeanTrack.debug.xcconfig */ = {isa = PBXFileReference; includeInIndex = 1; lastKnownFileType = text.xcconfig; name = "Pods-LeanTrack.debug.xcconfig"; path = "Pods/Target Support Files/Pods-LeanTrack/Pods-LeanTrack.debug.xcconfig"; sourceTree = "<group>"; };
/* End PBXFileReference section */

/* Begin PBXFrameworksBuildPhase section */
		A0983CDA223C0F56005BEA8E /* Frameworks */ = {
			isa = PBXFrameworksBuildPhase;
			buildActionMask = 2147483647;
			files = (
				BC4861F7BD9DE016447475B2 /* Pods_LeanTrack.framework in Frameworks */,
			);
			runOnlyForDeploymentPostprocessing = 0;
		};
		A0983CF1223C0F57005BEA8E /* Frameworks */ = {
			isa = PBXFrameworksBuildPhase;
			buildActionMask = 2147483647;
			files = (
				5691E3105F7D342F09DE2C1A /* Pods_LeanTrackTests.framework in Frameworks */,
			);
			runOnlyForDeploymentPostprocessing = 0;
		};
		A0983CFC223C0F57005BEA8E /* Frameworks */ = {
			isa = PBXFrameworksBuildPhase;
			buildActionMask = 2147483647;
			files = (
				FFF0B5E9A551183C84FA05DE /* Pods_LeanTrackUITests.framework in Frameworks */,
			);
			runOnlyForDeploymentPostprocessing = 0;
		};
/* End PBXFrameworksBuildPhase section */

/* Begin PBXGroup section */
		187F5D96B3B5B9A46191FDAB /* Pods */ = {
			isa = PBXGroup;
			children = (
				DDD59C044A08B73F86FFFCC4 /* Pods-LeanTrack.debug.xcconfig */,
				D590F0F984177A4EE8D75F8E /* Pods-LeanTrack.release.xcconfig */,
				A653212EBC00494990434004 /* Pods-LeanTrackTests.debug.xcconfig */,
				AD92783674C7F6F0CD71300F /* Pods-LeanTrackTests.release.xcconfig */,
				5692615D72930A2D8EA87CCB /* Pods-LeanTrackUITests.debug.xcconfig */,
				96FEB475A3AB87762E88824E /* Pods-LeanTrackUITests.release.xcconfig */,
			);
			name = Pods;
			sourceTree = "<group>";
		};
		8702D3775002465253F5BFAA /* Frameworks */ = {
			isa = PBXGroup;
			children = (
				2CD66A6788522CE3E9567F26 /* Pods_LeanTrack.framework */,
				449EFD758D2E79F34E8608F2 /* Pods_LeanTrackTests.framework */,
				1A100B6D4AE79EDEEC2F9E81 /* Pods_LeanTrackUITests.framework */,
			);
			name = Frameworks;
			sourceTree = "<group>";
		};
		A016A0E52244D1FB000CA546 /* ErrorHandling */ = {
			isa = PBXGroup;
			children = (
				A016A0E32244D1F6000CA546 /* LeanTrackErrors.swift */,
			);
			path = ErrorHandling;
			sourceTree = "<group>";
		};
		A016A0EA2245116E000CA546 /* Views */ = {
			isa = PBXGroup;
			children = (
				A0983D1A223D6D49005BEA8E /* HomeView.swift */,
				A0983D2D223D6FC5005BEA8E /* HomeSegmentView.swift */,
			);
			name = Views;
			sourceTree = "<group>";
		};
		A06BA9222243D49A0088929F /* CollectionViewCells */ = {
			isa = PBXGroup;
			children = (
				A06BA9232243D4AE0088929F /* HomeExerciseCollectionViewCell.swift */,
				A016A0E62245052B000CA546 /* ExerciseSetCollectionViewCell.swift */,
			);
			path = CollectionViewCells;
			sourceTree = "<group>";
		};
		A0983CD4223C0F56005BEA8E = {
			isa = PBXGroup;
			children = (
				A0983CDF223C0F56005BEA8E /* LeanTrack */,
				A0983CF7223C0F57005BEA8E /* LeanTrackTests */,
				A0983D02223C0F57005BEA8E /* LeanTrackUITests */,
				A0983CDE223C0F56005BEA8E /* Products */,
				187F5D96B3B5B9A46191FDAB /* Pods */,
				8702D3775002465253F5BFAA /* Frameworks */,
			);
			sourceTree = "<group>";
		};
		A0983CDE223C0F56005BEA8E /* Products */ = {
			isa = PBXGroup;
			children = (
				A0983CDD223C0F56005BEA8E /* LeanTrack.app */,
				A0983CF4223C0F57005BEA8E /* LeanTrackTests.xctest */,
				A0983CFF223C0F57005BEA8E /* LeanTrackUITests.xctest */,
			);
			name = Products;
			sourceTree = "<group>";
		};
		A0983CDF223C0F56005BEA8E /* LeanTrack */ = {
			isa = PBXGroup;
			children = (
				A0983D1C223D6D51005BEA8E /* Resources */,
				A0983D14223C10D7005BEA8E /* Extensions */,
				A0983D13223C0F75005BEA8E /* Controllers */,
				A0983D11223C0F69005BEA8E /* Model */,
				A0983CE0223C0F56005BEA8E /* AppDelegate.swift */,
				A0983CEC223C0F57005BEA8E /* LaunchScreen.storyboard */,
				A0983CEF223C0F57005BEA8E /* Info.plist */,
				A0983CE7223C0F56005BEA8E /* LeanTrack.xcdatamodeld */,
			);
			path = LeanTrack;
			sourceTree = "<group>";
		};
		A0983CF7223C0F57005BEA8E /* LeanTrackTests */ = {
			isa = PBXGroup;
			children = (
				A0983CF8223C0F57005BEA8E /* LeanTrackTests.swift */,
				A0983CFA223C0F57005BEA8E /* Info.plist */,
			);
			path = LeanTrackTests;
			sourceTree = "<group>";
		};
		A0983D02223C0F57005BEA8E /* LeanTrackUITests */ = {
			isa = PBXGroup;
			children = (
				A0983D03223C0F57005BEA8E /* LeanTrackUITests.swift */,
				A0983D05223C0F57005BEA8E /* Info.plist */,
			);
			path = LeanTrackUITests;
			sourceTree = "<group>";
		};
		A0983D11223C0F69005BEA8E /* Model */ = {
			isa = PBXGroup;
			children = (
				A06BA9252243DB230088929F /* Exercise.swift */,
			);
			path = Model;
			sourceTree = "<group>";
		};
		A0983D13223C0F75005BEA8E /* Controllers */ = {
			isa = PBXGroup;
			children = (
				A016A0E52244D1FB000CA546 /* ErrorHandling */,
				A0983D3D223EC1D8005BEA8E /* ExerciseSettingsChildVC */,
				A0983D33223E7277005BEA8E /* SearchExercise */,
				A0983D2A223D6F46005BEA8E /* Base */,
				A0983D17223D6B9A005BEA8E /* Home */,
			);
			path = Controllers;
			sourceTree = "<group>";
		};
		A0983D14223C10D7005BEA8E /* Extensions */ = {
			isa = PBXGroup;
			children = (
				A0983D15223C10F4005BEA8E /* UIView+NSConstraints.swift */,
				A0983D26223D6DE6005BEA8E /* UIFont+CustomFontTypes.swift */,
				A0983D28223D6F2C005BEA8E /* UIColor+Colors.swift */,
				A06BA9272243DE360088929F /* UIView+UICollectionViewLayout.swift */,
				A06BA9292243F8D10088929F /* UIViewController+ChildViewController.swift */,
			);
			path = Extensions;
			sourceTree = "<group>";
		};
		A0983D17223D6B9A005BEA8E /* Home */ = {
			isa = PBXGroup;
			children = (
				A016A0EA2245116E000CA546 /* Views */,
				A06BA9222243D49A0088929F /* CollectionViewCells */,
				A0983D2F223D70A0005BEA8E /* SegmentCells */,
				A0983D18223D6BA7005BEA8E /* HomeViewController.swift */,
				A016A0E822450624000CA546 /* HomeDatasource.swift */,
				A016A0EB22451199000CA546 /* HomeDatasourceProtocol.swift */,
			);
			path = Home;
			sourceTree = "<group>";
		};
		A0983D1C223D6D51005BEA8E /* Resources */ = {
			isa = PBXGroup;
			children = (
				A0983CEA223C0F57005BEA8E /* Assets.xcassets */,
				A0983D1D223D6D58005BEA8E /* Fonts */,
			);
			path = Resources;
			sourceTree = "<group>";
		};
		A0983D1D223D6D58005BEA8E /* Fonts */ = {
			isa = PBXGroup;
			children = (
				A0983D20223D6DD8005BEA8E /* Conduit_ITC_Bold.ttf */,
				A0983D1F223D6DD8005BEA8E /* Conduit_ITC_Light.ttf */,
				A0983D21223D6DD8005BEA8E /* Conduit_ITC_Medium.ttf */,
				A0983D1E223D6DD8005BEA8E /* Conduit_ITC.ttf */,
			);
			path = Fonts;
			sourceTree = "<group>";
		};
		A0983D2A223D6F46005BEA8E /* Base */ = {
			isa = PBXGroup;
			children = (
				A0983D2B223D6F4F005BEA8E /* BaseViewController.swift */,
			);
			path = Base;
			sourceTree = "<group>";
		};
		A0983D2F223D70A0005BEA8E /* SegmentCells */ = {
			isa = PBXGroup;
			children = (
				A0983D30223D70B2005BEA8E /* HomeSegmentCollectionViewCell.swift */,
			);
			path = SegmentCells;
			sourceTree = "<group>";
		};
		A0983D33223E7277005BEA8E /* SearchExercise */ = {
			isa = PBXGroup;
			children = (
				A0983D38223E73D4005BEA8E /* Cells */,
				A0983D34223E728C005BEA8E /* SearchExerciseViewController.swift */,
				A0983D36223E72FC005BEA8E /* SearchExerciseView.swift */,
				A0983D3B223EBBB7005BEA8E /* SearchResultProtocol.swift */,
			);
			path = SearchExercise;
			sourceTree = "<group>";
		};
		A0983D38223E73D4005BEA8E /* Cells */ = {
			isa = PBXGroup;
			children = (
				A0983D39223E73E5005BEA8E /* SearchExerciseCollectionViewCell.swift */,
			);
			path = Cells;
			sourceTree = "<group>";
		};
		A0983D3D223EC1D8005BEA8E /* ExerciseSettingsChildVC */ = {
			isa = PBXGroup;
			children = (
				A016A0E12244D11D000CA546 /* ExerciseSettingsProtocol.swift */,
				A0983D3E223EC1F4005BEA8E /* ExerciseSettingsViewController.swift */,
				A0983D40223EC21B005BEA8E /* ExerciseSettingsView.swift */,
			);
			path = ExerciseSettingsChildVC;
			sourceTree = "<group>";
		};
/* End PBXGroup section */

/* Begin PBXNativeTarget section */
		A0983CDC223C0F56005BEA8E /* LeanTrack */ = {
			isa = PBXNativeTarget;
			buildConfigurationList = A0983D08223C0F57005BEA8E /* Build configuration list for PBXNativeTarget "LeanTrack" */;
			buildPhases = (
				C7494D3C75226A0260CDB3D5 /* [CP] Check Pods Manifest.lock */,
				A0983CD9223C0F56005BEA8E /* Sources */,
				A0983CDA223C0F56005BEA8E /* Frameworks */,
				A0983CDB223C0F56005BEA8E /* Resources */,
				A0983D32223D71B8005BEA8E /* ShellScript */,
				F09D67D330731894468CEBDC /* [CP] Embed Pods Frameworks */,
			);
			buildRules = (
			);
			dependencies = (
			);
			name = LeanTrack;
			productName = LeanTrack;
			productReference = A0983CDD223C0F56005BEA8E /* LeanTrack.app */;
			productType = "com.apple.product-type.application";
		};
		A0983CF3223C0F57005BEA8E /* LeanTrackTests */ = {
			isa = PBXNativeTarget;
			buildConfigurationList = A0983D0B223C0F57005BEA8E /* Build configuration list for PBXNativeTarget "LeanTrackTests" */;
			buildPhases = (
				6CF273AE77054102016AFE3D /* [CP] Check Pods Manifest.lock */,
				A0983CF0223C0F57005BEA8E /* Sources */,
				A0983CF1223C0F57005BEA8E /* Frameworks */,
				A0983CF2223C0F57005BEA8E /* Resources */,
			);
			buildRules = (
			);
			dependencies = (
				A0983CF6223C0F57005BEA8E /* PBXTargetDependency */,
			);
			name = LeanTrackTests;
			productName = LeanTrackTests;
			productReference = A0983CF4223C0F57005BEA8E /* LeanTrackTests.xctest */;
			productType = "com.apple.product-type.bundle.unit-test";
		};
		A0983CFE223C0F57005BEA8E /* LeanTrackUITests */ = {
			isa = PBXNativeTarget;
			buildConfigurationList = A0983D0E223C0F57005BEA8E /* Build configuration list for PBXNativeTarget "LeanTrackUITests" */;
			buildPhases = (
				CFD8BD89C1D91B21B38DEF0D /* [CP] Check Pods Manifest.lock */,
				A0983CFB223C0F57005BEA8E /* Sources */,
				A0983CFC223C0F57005BEA8E /* Frameworks */,
				A0983CFD223C0F57005BEA8E /* Resources */,
			);
			buildRules = (
			);
			dependencies = (
				A0983D01223C0F57005BEA8E /* PBXTargetDependency */,
			);
			name = LeanTrackUITests;
			productName = LeanTrackUITests;
			productReference = A0983CFF223C0F57005BEA8E /* LeanTrackUITests.xctest */;
			productType = "com.apple.product-type.bundle.ui-testing";
		};
/* End PBXNativeTarget section */

/* Begin PBXProject section */
		A0983CD5223C0F56005BEA8E /* Project object */ = {
			isa = PBXProject;
			attributes = {
				LastSwiftUpdateCheck = 1010;
				LastUpgradeCheck = 1010;
				ORGANIZATIONNAME = "KUTAN ÇINGISIZ";
				TargetAttributes = {
					A0983CDC223C0F56005BEA8E = {
						CreatedOnToolsVersion = 10.1;
					};
					A0983CF3223C0F57005BEA8E = {
						CreatedOnToolsVersion = 10.1;
						TestTargetID = A0983CDC223C0F56005BEA8E;
					};
					A0983CFE223C0F57005BEA8E = {
						CreatedOnToolsVersion = 10.1;
						TestTargetID = A0983CDC223C0F56005BEA8E;
					};
				};
			};
			buildConfigurationList = A0983CD8223C0F56005BEA8E /* Build configuration list for PBXProject "LeanTrack" */;
			compatibilityVersion = "Xcode 9.3";
			developmentRegion = en;
			hasScannedForEncodings = 0;
			knownRegions = (
				en,
				Base,
			);
			mainGroup = A0983CD4223C0F56005BEA8E;
			productRefGroup = A0983CDE223C0F56005BEA8E /* Products */;
			projectDirPath = "";
			projectRoot = "";
			targets = (
				A0983CDC223C0F56005BEA8E /* LeanTrack */,
				A0983CF3223C0F57005BEA8E /* LeanTrackTests */,
				A0983CFE223C0F57005BEA8E /* LeanTrackUITests */,
			);
		};
/* End PBXProject section */

/* Begin PBXResourcesBuildPhase section */
		A0983CDB223C0F56005BEA8E /* Resources */ = {
			isa = PBXResourcesBuildPhase;
			buildActionMask = 2147483647;
			files = (
				A0983D22223D6DD8005BEA8E /* Conduit_ITC.ttf in Resources */,
				A0983D24223D6DD8005BEA8E /* Conduit_ITC_Bold.ttf in Resources */,
				A0983CEE223C0F57005BEA8E /* LaunchScreen.storyboard in Resources */,
				A0983CEB223C0F57005BEA8E /* Assets.xcassets in Resources */,
				A0983D25223D6DD8005BEA8E /* Conduit_ITC_Medium.ttf in Resources */,
				A0983D23223D6DD8005BEA8E /* Conduit_ITC_Light.ttf in Resources */,
			);
			runOnlyForDeploymentPostprocessing = 0;
		};
		A0983CF2223C0F57005BEA8E /* Resources */ = {
			isa = PBXResourcesBuildPhase;
			buildActionMask = 2147483647;
			files = (
			);
			runOnlyForDeploymentPostprocessing = 0;
		};
		A0983CFD223C0F57005BEA8E /* Resources */ = {
			isa = PBXResourcesBuildPhase;
			buildActionMask = 2147483647;
			files = (
			);
			runOnlyForDeploymentPostprocessing = 0;
		};
/* End PBXResourcesBuildPhase section */

/* Begin PBXShellScriptBuildPhase section */
		6CF273AE77054102016AFE3D /* [CP] Check Pods Manifest.lock */ = {
			isa = PBXShellScriptBuildPhase;
			buildActionMask = 2147483647;
			files = (
			);
			inputFileListPaths = (
			);
			inputPaths = (
				"${PODS_PODFILE_DIR_PATH}/Podfile.lock",
				"${PODS_ROOT}/Manifest.lock",
			);
			name = "[CP] Check Pods Manifest.lock";
			outputFileListPaths = (
			);
			outputPaths = (
				"$(DERIVED_FILE_DIR)/Pods-LeanTrackTests-checkManifestLockResult.txt",
			);
			runOnlyForDeploymentPostprocessing = 0;
			shellPath = /bin/sh;
			shellScript = "diff \"${PODS_PODFILE_DIR_PATH}/Podfile.lock\" \"${PODS_ROOT}/Manifest.lock\" > /dev/null\nif [ $? != 0 ] ; then\n    # print error to STDERR\n    echo \"error: The sandbox is not in sync with the Podfile.lock. Run 'pod install' or update your CocoaPods installation.\" >&2\n    exit 1\nfi\n# This output is used by Xcode 'outputs' to avoid re-running this script phase.\necho \"SUCCESS\" > \"${SCRIPT_OUTPUT_FILE_0}\"\n";
			showEnvVarsInLog = 0;
		};
		A0983D32223D71B8005BEA8E /* ShellScript */ = {
			isa = PBXShellScriptBuildPhase;
			buildActionMask = 2147483647;
			files = (
			);
			inputFileListPaths = (
			);
			inputPaths = (
			);
			outputFileListPaths = (
			);
			outputPaths = (
			);
			runOnlyForDeploymentPostprocessing = 0;
			shellPath = /bin/sh;
			shellScript = "
";
		};
		C7494D3C75226A0260CDB3D5 /* [CP] Check Pods Manifest.lock */ = {
			isa = PBXShellScriptBuildPhase;
			buildActionMask = 2147483647;
			files = (
			);
			inputFileListPaths = (
			);
			inputPaths = (
				"${PODS_PODFILE_DIR_PATH}/Podfile.lock",
				"${PODS_ROOT}/Manifest.lock",
			);
			name = "[CP] Check Pods Manifest.lock";
			outputFileListPaths = (
			);
			outputPaths = (
				"$(DERIVED_FILE_DIR)/Pods-LeanTrack-checkManifestLockResult.txt",
			);
			runOnlyForDeploymentPostprocessing = 0;
			shellPath = /bin/sh;
			shellScript = "diff \"${PODS_PODFILE_DIR_PATH}/Podfile.lock\" \"${PODS_ROOT}/Manifest.lock\" > /dev/null\nif [ $? != 0 ] ; then\n    # print error to STDERR\n    echo \"error: The sandbox is not in sync with the Podfile.lock. Run 'pod install' or update your CocoaPods installation.\" >&2\n    exit 1\nfi\n# This output is used by Xcode 'outputs' to avoid re-running this script phase.\necho \"SUCCESS\" > \"${SCRIPT_OUTPUT_FILE_0}\"\n";
			showEnvVarsInLog = 0;
		};
		CFD8BD89C1D91B21B38DEF0D /* [CP] Check Pods Manifest.lock */ = {
			isa = PBXShellScriptBuildPhase;
			buildActionMask = 2147483647;
			files = (
			);
			inputFileListPaths = (
			);
			inputPaths = (
				"${PODS_PODFILE_DIR_PATH}/Podfile.lock",
				"${PODS_ROOT}/Manifest.lock",
			);
			name = "[CP] Check Pods Manifest.lock";
			outputFileListPaths = (
			);
			outputPaths = (
				"$(DERIVED_FILE_DIR)/Pods-LeanTrackUITests-checkManifestLockResult.txt",
			);
			runOnlyForDeploymentPostprocessing = 0;
			shellPath = /bin/sh;
			shellScript = "diff \"${PODS_PODFILE_DIR_PATH}/Podfile.lock\" \"${PODS_ROOT}/Manifest.lock\" > /dev/null\nif [ $? != 0 ] ; then\n    # print error to STDERR\n    echo \"error: The sandbox is not in sync with the Podfile.lock. Run 'pod install' or update your CocoaPods installation.\" >&2\n    exit 1\nfi\n# This output is used by Xcode 'outputs' to avoid re-running this script phase.\necho \"SUCCESS\" > \"${SCRIPT_OUTPUT_FILE_0}\"\n";
			showEnvVarsInLog = 0;
		};
		F09D67D330731894468CEBDC /* [CP] Embed Pods Frameworks */ = {
			isa = PBXShellScriptBuildPhase;
			buildActionMask = 2147483647;
			files = (
			);
			inputFileListPaths = (
			);
			inputPaths = (
				"${SRCROOT}/Pods/Target Support Files/Pods-LeanTrack/Pods-LeanTrack-frameworks.sh",
				"${BUILT_PRODUCTS_DIR}/Hero/Hero.framework",
			);
			name = "[CP] Embed Pods Frameworks";
			outputFileListPaths = (
			);
			outputPaths = (
				"${TARGET_BUILD_DIR}/${FRAMEWORKS_FOLDER_PATH}/Hero.framework",
			);
			runOnlyForDeploymentPostprocessing = 0;
			shellPath = /bin/sh;
			shellScript = "\"${SRCROOT}/Pods/Target Support Files/Pods-LeanTrack/Pods-LeanTrack-frameworks.sh\"\n";
			showEnvVarsInLog = 0;
		};
/* End PBXShellScriptBuildPhase section */

/* Begin PBXSourcesBuildPhase section */
		A0983CD9223C0F56005BEA8E /* Sources */ = {
			isa = PBXSourcesBuildPhase;
			buildActionMask = 2147483647;
			files = (
				A016A0E42244D1F6000CA546 /* LeanTrackErrors.swift in Sources */,
				A0983D3C223EBBB7005BEA8E /* SearchResultProtocol.swift in Sources */,
				A0983D37223E72FC005BEA8E /* SearchExerciseView.swift in Sources */,
				A016A0E922450624000CA546 /* HomeDatasource.swift in Sources */,
				A0983D2E223D6FC5005BEA8E /* HomeSegmentView.swift in Sources */,
				A0983D19223D6BA7005BEA8E /* HomeViewController.swift in Sources */,
				A0983CE9223C0F56005BEA8E /* LeanTrack.xcdatamodeld in Sources */,
				A06BA9242243D4AE0088929F /* HomeExerciseCollectionViewCell.swift in Sources */,
				A0983D3F223EC1F4005BEA8E /* ExerciseSettingsViewController.swift in Sources */,
				A016A0E22244D11D000CA546 /* ExerciseSettingsProtocol.swift in Sources */,
				A0983D1B223D6D49005BEA8E /* HomeView.swift in Sources */,
				A0983D29223D6F2C005BEA8E /* UIColor+Colors.swift in Sources */,
				A016A0E72245052B000CA546 /* ExerciseSetCollectionViewCell.swift in Sources */,
				A0983D16223C10F4005BEA8E /* UIView+NSConstraints.swift in Sources */,
				A0983D41223EC21B005BEA8E /* ExerciseSettingsView.swift in Sources */,
				A0983D3A223E73E5005BEA8E /* SearchExerciseCollectionViewCell.swift in Sources */,
				A0983D2C223D6F4F005BEA8E /* BaseViewController.swift in Sources */,
				A0983D31223D70B2005BEA8E /* HomeSegmentCollectionViewCell.swift in Sources */,
				A0983CE1223C0F56005BEA8E /* AppDelegate.swift in Sources */,
				A016A0EC22451199000CA546 /* HomeDatasourceProtocol.swift in Sources */,
				A06BA9282243DE360088929F /* UIView+UICollectionViewLayout.swift in Sources */,
				A06BA92A2243F8D10088929F /* UIViewController+ChildViewController.swift in Sources */,
				A0983D27223D6DE6005BEA8E /* UIFont+CustomFontTypes.swift in Sources */,
				A0983D35223E728C005BEA8E /* SearchExerciseViewController.swift in Sources */,
				A06BA9262243DB230088929F /* Exercise.swift in Sources */,
			);
			runOnlyForDeploymentPostprocessing = 0;
		};
		A0983CF0223C0F57005BEA8E /* Sources */ = {
			isa = PBXSourcesBuildPhase;
			buildActionMask = 2147483647;
			files = (
				A0983CF9223C0F57005BEA8E /* LeanTrackTests.swift in Sources */,
			);
			runOnlyForDeploymentPostprocessing = 0;
		};
		A0983CFB223C0F57005BEA8E /* Sources */ = {
			isa = PBXSourcesBuildPhase;
			buildActionMask = 2147483647;
			files = (
				A0983D04223C0F57005BEA8E /* LeanTrackUITests.swift in Sources */,
			);
			runOnlyForDeploymentPostprocessing = 0;
		};
/* End PBXSourcesBuildPhase section */

/* Begin PBXTargetDependency section */
		A0983CF6223C0F57005BEA8E /* PBXTargetDependency */ = {
			isa = PBXTargetDependency;
			target = A0983CDC223C0F56005BEA8E /* LeanTrack */;
			targetProxy = A0983CF5223C0F57005BEA8E /* PBXContainerItemProxy */;
		};
		A0983D01223C0F57005BEA8E /* PBXTargetDependency */ = {
			isa = PBXTargetDependency;
			target = A0983CDC223C0F56005BEA8E /* LeanTrack */;
			targetProxy = A0983D00223C0F57005BEA8E /* PBXContainerItemProxy */;
		};
/* End PBXTargetDependency section */

/* Begin PBXVariantGroup section */
		A0983CEC223C0F57005BEA8E /* LaunchScreen.storyboard */ = {
			isa = PBXVariantGroup;
			children = (
				A0983CED223C0F57005BEA8E /* Base */,
			);
			name = LaunchScreen.storyboard;
			sourceTree = "<group>";
		};
/* End PBXVariantGroup section */

/* Begin XCBuildConfiguration section */
		A0983D06223C0F57005BEA8E /* Debug */ = {
			isa = XCBuildConfiguration;
			buildSettings = {
				ALWAYS_SEARCH_USER_PATHS = NO;
				CLANG_ANALYZER_NONNULL = YES;
				CLANG_ANALYZER_NUMBER_OBJECT_CONVERSION = YES_AGGRESSIVE;
				CLANG_CXX_LANGUAGE_STANDARD = "gnu++14";
				CLANG_CXX_LIBRARY = "libc++";
				CLANG_ENABLE_MODULES = YES;
				CLANG_ENABLE_OBJC_ARC = YES;
				CLANG_ENABLE_OBJC_WEAK = YES;
				CLANG_WARN_BLOCK_CAPTURE_AUTORELEASING = YES;
				CLANG_WARN_BOOL_CONVERSION = YES;
				CLANG_WARN_COMMA = YES;
				CLANG_WARN_CONSTANT_CONVERSION = YES;
				CLANG_WARN_DEPRECATED_OBJC_IMPLEMENTATIONS = YES;
				CLANG_WARN_DIRECT_OBJC_ISA_USAGE = YES_ERROR;
				CLANG_WARN_DOCUMENTATION_COMMENTS = YES;
				CLANG_WARN_EMPTY_BODY = YES;
				CLANG_WARN_ENUM_CONVERSION = YES;
				CLANG_WARN_INFINITE_RECURSION = YES;
				CLANG_WARN_INT_CONVERSION = YES;
				CLANG_WARN_NON_LITERAL_NULL_CONVERSION = YES;
				CLANG_WARN_OBJC_IMPLICIT_RETAIN_SELF = YES;
				CLANG_WARN_OBJC_LITERAL_CONVERSION = YES;
				CLANG_WARN_OBJC_ROOT_CLASS = YES_ERROR;
				CLANG_WARN_RANGE_LOOP_ANALYSIS = YES;
				CLANG_WARN_STRICT_PROTOTYPES = YES;
				CLANG_WARN_SUSPICIOUS_MOVE = YES;
				CLANG_WARN_UNGUARDED_AVAILABILITY = YES_AGGRESSIVE;
				CLANG_WARN_UNREACHABLE_CODE = YES;
				CLANG_WARN__DUPLICATE_METHOD_MATCH = YES;
				CODE_SIGN_IDENTITY = "iPhone Developer";
				COPY_PHASE_STRIP = NO;
				DEBUG_INFORMATION_FORMAT = dwarf;
				ENABLE_STRICT_OBJC_MSGSEND = YES;
				ENABLE_TESTABILITY = YES;
				GCC_C_LANGUAGE_STANDARD = gnu11;
				GCC_DYNAMIC_NO_PIC = NO;
				GCC_NO_COMMON_BLOCKS = YES;
				GCC_OPTIMIZATION_LEVEL = 0;
				GCC_PREPROCESSOR_DEFINITIONS = (
					"DEBUG=1",
					"$(inherited)",
				);
				GCC_WARN_64_TO_32_BIT_CONVERSION = YES;
				GCC_WARN_ABOUT_RETURN_TYPE = YES_ERROR;
				GCC_WARN_UNDECLARED_SELECTOR = YES;
				GCC_WARN_UNINITIALIZED_AUTOS = YES_AGGRESSIVE;
				GCC_WARN_UNUSED_FUNCTION = YES;
				GCC_WARN_UNUSED_VARIABLE = YES;
				IPHONEOS_DEPLOYMENT_TARGET = 12.1;
				MTL_ENABLE_DEBUG_INFO = INCLUDE_SOURCE;
				MTL_FAST_MATH = YES;
				ONLY_ACTIVE_ARCH = YES;
				SDKROOT = iphoneos;
				SWIFT_ACTIVE_COMPILATION_CONDITIONS = DEBUG;
				SWIFT_OPTIMIZATION_LEVEL = "-Onone";
			};
			name = Debug;
		};
		A0983D07223C0F57005BEA8E /* Release */ = {
			isa = XCBuildConfiguration;
			buildSettings = {
				ALWAYS_SEARCH_USER_PATHS = NO;
				CLANG_ANALYZER_NONNULL = YES;
				CLANG_ANALYZER_NUMBER_OBJECT_CONVERSION = YES_AGGRESSIVE;
				CLANG_CXX_LANGUAGE_STANDARD = "gnu++14";
				CLANG_CXX_LIBRARY = "libc++";
				CLANG_ENABLE_MODULES = YES;
				CLANG_ENABLE_OBJC_ARC = YES;
				CLANG_ENABLE_OBJC_WEAK = YES;
				CLANG_WARN_BLOCK_CAPTURE_AUTORELEASING = YES;
				CLANG_WARN_BOOL_CONVERSION = YES;
				CLANG_WARN_COMMA = YES;
				CLANG_WARN_CONSTANT_CONVERSION = YES;
				CLANG_WARN_DEPRECATED_OBJC_IMPLEMENTATIONS = YES;
				CLANG_WARN_DIRECT_OBJC_ISA_USAGE = YES_ERROR;
				CLANG_WARN_DOCUMENTATION_COMMENTS = YES;
				CLANG_WARN_EMPTY_BODY = YES;
				CLANG_WARN_ENUM_CONVERSION = YES;
				CLANG_WARN_INFINITE_RECURSION = YES;
				CLANG_WARN_INT_CONVERSION = YES;
				CLANG_WARN_NON_LITERAL_NULL_CONVERSION = YES;
				CLANG_WARN_OBJC_IMPLICIT_RETAIN_SELF = YES;
				CLANG_WARN_OBJC_LITERAL_CONVERSION = YES;
				CLANG_WARN_OBJC_ROOT_CLASS = YES_ERROR;
				CLANG_WARN_RANGE_LOOP_ANALYSIS = YES;
				CLANG_WARN_STRICT_PROTOTYPES = YES;
				CLANG_WARN_SUSPICIOUS_MOVE = YES;
				CLANG_WARN_UNGUARDED_AVAILABILITY = YES_AGGRESSIVE;
				CLANG_WARN_UNREACHABLE_CODE = YES;
				CLANG_WARN__DUPLICATE_METHOD_MATCH = YES;
				CODE_SIGN_IDENTITY = "iPhone Developer";
				COPY_PHASE_STRIP = NO;
				DEBUG_INFORMATION_FORMAT = "dwarf-with-dsym";
				ENABLE_NS_ASSERTIONS = NO;
				ENABLE_STRICT_OBJC_MSGSEND = YES;
				GCC_C_LANGUAGE_STANDARD = gnu11;
				GCC_NO_COMMON_BLOCKS = YES;
				GCC_WARN_64_TO_32_BIT_CONVERSION = YES;
				GCC_WARN_ABOUT_RETURN_TYPE = YES_ERROR;
				GCC_WARN_UNDECLARED_SELECTOR = YES;
				GCC_WARN_UNINITIALIZED_AUTOS = YES_AGGRESSIVE;
				GCC_WARN_UNUSED_FUNCTION = YES;
				GCC_WARN_UNUSED_VARIABLE = YES;
				IPHONEOS_DEPLOYMENT_TARGET = 12.1;
				MTL_ENABLE_DEBUG_INFO = NO;
				MTL_FAST_MATH = YES;
				SDKROOT = iphoneos;
				SWIFT_COMPILATION_MODE = wholemodule;
				SWIFT_OPTIMIZATION_LEVEL = "-O";
				VALIDATE_PRODUCT = YES;
			};
			name = Release;
		};
		A0983D09223C0F57005BEA8E /* Debug */ = {
			isa = XCBuildConfiguration;
			baseConfigurationReference = DDD59C044A08B73F86FFFCC4 /* Pods-LeanTrack.debug.xcconfig */;
			buildSettings = {
				ASSETCATALOG_COMPILER_APPICON_NAME = AppIcon;
				CODE_SIGN_STYLE = Automatic;
				DEVELOPMENT_TEAM = PT2V6T6JDZ;
				INFOPLIST_FILE = LeanTrack/Info.plist;
				LD_RUNPATH_SEARCH_PATHS = (
					"$(inherited)",
					"@executable_path/Frameworks",
				);
				PRODUCT_BUNDLE_IDENTIFIER = com.kutan.LeanTrack;
				PRODUCT_NAME = "$(TARGET_NAME)";
				SWIFT_VERSION = 4.2;
				TARGETED_DEVICE_FAMILY = "1,2";
			};
			name = Debug;
		};
		A0983D0A223C0F57005BEA8E /* Release */ = {
			isa = XCBuildConfiguration;
			baseConfigurationReference = D590F0F984177A4EE8D75F8E /* Pods-LeanTrack.release.xcconfig */;
			buildSettings = {
				ASSETCATALOG_COMPILER_APPICON_NAME = AppIcon;
				CODE_SIGN_STYLE = Automatic;
				DEVELOPMENT_TEAM = PT2V6T6JDZ;
				INFOPLIST_FILE = LeanTrack/Info.plist;
				LD_RUNPATH_SEARCH_PATHS = (
					"$(inherited)",
					"@executable_path/Frameworks",
				);
				PRODUCT_BUNDLE_IDENTIFIER = com.kutan.LeanTrack;
				PRODUCT_NAME = "$(TARGET_NAME)";
				SWIFT_VERSION = 4.2;
				TARGETED_DEVICE_FAMILY = "1,2";
			};
			name = Release;
		};
		A0983D0C223C0F57005BEA8E /* Debug */ = {
			isa = XCBuildConfiguration;
			baseConfigurationReference = A653212EBC00494990434004 /* Pods-LeanTrackTests.debug.xcconfig */;
			buildSettings = {
				ALWAYS_EMBED_SWIFT_STANDARD_LIBRARIES = YES;
				BUNDLE_LOADER = "$(TEST_HOST)";
				CODE_SIGN_STYLE = Automatic;
				DEVELOPMENT_TEAM = PT2V6T6JDZ;
				INFOPLIST_FILE = LeanTrackTests/Info.plist;
				LD_RUNPATH_SEARCH_PATHS = (
					"$(inherited)",
					"@executable_path/Frameworks",
					"@loader_path/Frameworks",
				);
				PRODUCT_BUNDLE_IDENTIFIER = com.kutan.LeanTrackTests;
				PRODUCT_NAME = "$(TARGET_NAME)";
				SWIFT_VERSION = 4.2;
				TARGETED_DEVICE_FAMILY = "1,2";
				TEST_HOST = "$(BUILT_PRODUCTS_DIR)/LeanTrack.app/LeanTrack";
			};
			name = Debug;
		};
		A0983D0D223C0F57005BEA8E /* Release */ = {
			isa = XCBuildConfiguration;
			baseConfigurationReference = AD92783674C7F6F0CD71300F /* Pods-LeanTrackTests.release.xcconfig */;
			buildSettings = {
				ALWAYS_EMBED_SWIFT_STANDARD_LIBRARIES = YES;
				BUNDLE_LOADER = "$(TEST_HOST)";
				CODE_SIGN_STYLE = Automatic;
				DEVELOPMENT_TEAM = PT2V6T6JDZ;
				INFOPLIST_FILE = LeanTrackTests/Info.plist;
				LD_RUNPATH_SEARCH_PATHS = (
					"$(inherited)",
					"@executable_path/Frameworks",
					"@loader_path/Frameworks",
				);
				PRODUCT_BUNDLE_IDENTIFIER = com.kutan.LeanTrackTests;
				PRODUCT_NAME = "$(TARGET_NAME)";
				SWIFT_VERSION = 4.2;
				TARGETED_DEVICE_FAMILY = "1,2";
				TEST_HOST = "$(BUILT_PRODUCTS_DIR)/LeanTrack.app/LeanTrack";
			};
			name = Release;
		};
		A0983D0F223C0F57005BEA8E /* Debug */ = {
			isa = XCBuildConfiguration;
			baseConfigurationReference = 5692615D72930A2D8EA87CCB /* Pods-LeanTrackUITests.debug.xcconfig */;
			buildSettings = {
				ALWAYS_EMBED_SWIFT_STANDARD_LIBRARIES = YES;
				CODE_SIGN_STYLE = Automatic;
				DEVELOPMENT_TEAM = PT2V6T6JDZ;
				INFOPLIST_FILE = LeanTrackUITests/Info.plist;
				LD_RUNPATH_SEARCH_PATHS = (
					"$(inherited)",
					"@executable_path/Frameworks",
					"@loader_path/Frameworks",
				);
				PRODUCT_BUNDLE_IDENTIFIER = com.kutan.LeanTrackUITests;
				PRODUCT_NAME = "$(TARGET_NAME)";
				SWIFT_VERSION = 4.2;
				TARGETED_DEVICE_FAMILY = "1,2";
				TEST_TARGET_NAME = LeanTrack;
			};
			name = Debug;
		};
		A0983D10223C0F57005BEA8E /* Release */ = {
			isa = XCBuildConfiguration;
			baseConfigurationReference = 96FEB475A3AB87762E88824E /* Pods-LeanTrackUITests.release.xcconfig */;
			buildSettings = {
				ALWAYS_EMBED_SWIFT_STANDARD_LIBRARIES = YES;
				CODE_SIGN_STYLE = Automatic;
				DEVELOPMENT_TEAM = PT2V6T6JDZ;
				INFOPLIST_FILE = LeanTrackUITests/Info.plist;
				LD_RUNPATH_SEARCH_PATHS = (
					"$(inherited)",
					"@executable_path/Frameworks",
					"@loader_path/Frameworks",
				);
				PRODUCT_BUNDLE_IDENTIFIER = com.kutan.LeanTrackUITests;
				PRODUCT_NAME = "$(TARGET_NAME)";
				SWIFT_VERSION = 4.2;
				TARGETED_DEVICE_FAMILY = "1,2";
				TEST_TARGET_NAME = LeanTrack;
			};
			name = Release;
		};
/* End XCBuildConfiguration section */

/* Begin XCConfigurationList section */
		A0983CD8223C0F56005BEA8E /* Build configuration list for PBXProject "LeanTrack" */ = {
			isa = XCConfigurationList;
			buildConfigurations = (
				A0983D06223C0F57005BEA8E /* Debug */,
				A0983D07223C0F57005BEA8E /* Release */,
			);
			defaultConfigurationIsVisible = 0;
			defaultConfigurationName = Release;
		};
		A0983D08223C0F57005BEA8E /* Build configuration list for PBXNativeTarget "LeanTrack" */ = {
			isa = XCConfigurationList;
			buildConfigurations = (
				A0983D09223C0F57005BEA8E /* Debug */,
				A0983D0A223C0F57005BEA8E /* Release */,
			);
			defaultConfigurationIsVisible = 0;
			defaultConfigurationName = Release;
		};
		A0983D0B223C0F57005BEA8E /* Build configuration list for PBXNativeTarget "LeanTrackTests" */ = {
			isa = XCConfigurationList;
			buildConfigurations = (
				A0983D0C223C0F57005BEA8E /* Debug */,
				A0983D0D223C0F57005BEA8E /* Release */,
			);
			defaultConfigurationIsVisible = 0;
			defaultConfigurationName = Release;
		};
		A0983D0E223C0F57005BEA8E /* Build configuration list for PBXNativeTarget "LeanTrackUITests" */ = {
			isa = XCConfigurationList;
			buildConfigurations = (
				A0983D0F223C0F57005BEA8E /* Debug */,
				A0983D10223C0F57005BEA8E /* Release */,
			);
			defaultConfigurationIsVisible = 0;
			defaultConfigurationName = Release;
		};
/* End XCConfigurationList section */

/* Begin XCVersionGroup section */
		A0983CE7223C0F56005BEA8E /* LeanTrack.xcdatamodeld */ = {
			isa = XCVersionGroup;
			children = (
				A0983CE8223C0F56005BEA8E /* LeanTrack.xcdatamodel */,
			);
			currentVersion = A0983CE8223C0F56005BEA8E /* LeanTrack.xcdatamodel */;
			path = LeanTrack.xcdatamodeld;
			sourceTree = "<group>";
			versionGroupType = wrapper.xcdatamodel;
		};
/* End XCVersionGroup section */
	};
	rootObject = A0983CD5223C0F56005BEA8E /* Project object */;
}
